
Microsoft Visual Studio Solution File, Format Version 12.00
Project("{2150E333-8FDC-42A3-9474-1A3956D46DE8}") = "Src", "Src", "{409B991D-1A81-487F-B415-E7DC3C65CFE4}"
EndProject
Project("{2150E333-8FDC-42A3-9474-1A3956D46DE8}") = "Tests", "Tests", "{7F5107BD-9E79-440F-985A-B238185EFC3A}"
EndProject
Project("{FAE04EC0-301F-11D3-BF4B-00C04F79EFBC}") = "WebApi", "Src\WebApi\WebApi.csproj", "{BE0988E6-3409-48A2-B7AC-CCF280763E01}"
EndProject
Project("{FAE04EC0-301F-11D3-BF4B-00C04F79EFBC}") = "Shared", "Src\Shared\Shared.csproj", "{AEF333D5-B74E-4D54-8E76-41F579A37DD0}"
EndProject
Project("{2150E333-8FDC-42A3-9474-1A3956D46DE8}") = "User", "User", "{6895D672-C16C-4701-9C17-D4BA57142AA2}"
EndProject
Project("{2150E333-8FDC-42A3-9474-1A3956D46DE8}") = "Auth", "Auth", "{1FE01D29-26C2-4976-836D-B02311239819}"
EndProject
Project("{FAE04EC0-301F-11D3-BF4B-00C04F79EFBC}") = "User.Security.API", "Src\User\Auth\User.Security.API\User.Security.API.csproj", "{0678800F-17A6-4766-9114-076CDB438E3B}"
EndProject
Project("{FAE04EC0-301F-11D3-BF4B-00C04F79EFBC}") = "User.Security.Application", "Src\User\Auth\User.Security.Application\User.Security.Application.csproj", "{DFAD02BA-CD52-418D-8EBB-C6B99860D01D}"
EndProject
Project("{FAE04EC0-301F-11D3-BF4B-00C04F79EFBC}") = "User.Security.Domain", "Src\User\Auth\User.Security.Domain\User.Security.Domain.csproj", "{2825A021-1B64-4FC4-AA4F-63F0D837701F}"
EndProject
Project("{FAE04EC0-301F-11D3-BF4B-00C04F79EFBC}") = "User.Security.Infrastructure", "Src\User\Auth\User.Security.Infrastructure\User.Security.Infrastructure.csproj", "{0B20A81E-8AD0-4966-8EC7-F528F6497CE1}"
EndProject
Global
	GlobalSection(SolutionConfigurationPlatforms) = preSolution
		Debug|Any CPU = Debug|Any CPU
		Release|Any CPU = Release|Any CPU
	EndGlobalSection
	GlobalSection(NestedProjects) = preSolution
		{BE0988E6-3409-48A2-B7AC-CCF280763E01} = {409B991D-1A81-487F-B415-E7DC3C65CFE4}
		{AEF333D5-B74E-4D54-8E76-41F579A37DD0} = {409B991D-1A81-487F-B415-E7DC3C65CFE4}
		{6895D672-C16C-4701-9C17-D4BA57142AA2} = {409B991D-1A81-487F-B415-E7DC3C65CFE4}
		{1FE01D29-26C2-4976-836D-B02311239819} = {6895D672-C16C-4701-9C17-D4BA57142AA2}
		{0678800F-17A6-4766-9114-076CDB438E3B} = {1FE01D29-26C2-4976-836D-B02311239819}
		{DFAD02BA-CD52-418D-8EBB-C6B99860D01D} = {1FE01D29-26C2-4976-836D-B02311239819}
		{2825A021-1B64-4FC4-AA4F-63F0D837701F} = {1FE01D29-26C2-4976-836D-B02311239819}
		{0B20A81E-8AD0-4966-8EC7-F528F6497CE1} = {1FE01D29-26C2-4976-836D-B02311239819}
	EndGlobalSection
	GlobalSection(ProjectConfigurationPlatforms) = postSolution
		{BE0988E6-3409-48A2-B7AC-CCF280763E01}.Debug|Any CPU.ActiveCfg = Debug|Any CPU
		{BE0988E6-3409-48A2-B7AC-CCF280763E01}.Debug|Any CPU.Build.0 = Debug|Any CPU
		{BE0988E6-3409-48A2-B7AC-CCF280763E01}.Release|Any CPU.ActiveCfg = Release|Any CPU
		{BE0988E6-3409-48A2-B7AC-CCF280763E01}.Release|Any CPU.Build.0 = Release|Any CPU
		{AEF333D5-B74E-4D54-8E76-41F579A37DD0}.Debug|Any CPU.ActiveCfg = Debug|Any CPU
		{AEF333D5-B74E-4D54-8E76-41F579A37DD0}.Debug|Any CPU.Build.0 = Debug|Any CPU
		{AEF333D5-B74E-4D54-8E76-41F579A37DD0}.Release|Any CPU.ActiveCfg = Release|Any CPU
		{AEF333D5-B74E-4D54-8E76-41F579A37DD0}.Release|Any CPU.Build.0 = Release|Any CPU
		{0678800F-17A6-4766-9114-076CDB438E3B}.Debug|Any CPU.ActiveCfg = Debug|Any CPU
		{0678800F-17A6-4766-9114-076CDB438E3B}.Debug|Any CPU.Build.0 = Debug|Any CPU
		{0678800F-17A6-4766-9114-076CDB438E3B}.Release|Any CPU.ActiveCfg = Release|Any CPU
		{0678800F-17A6-4766-9114-076CDB438E3B}.Release|Any CPU.Build.0 = Release|Any CPU
		{DFAD02BA-CD52-418D-8EBB-C6B99860D01D}.Debug|Any CPU.ActiveCfg = Debug|Any CPU
		{DFAD02BA-CD52-418D-8EBB-C6B99860D01D}.Debug|Any CPU.Build.0 = Debug|Any CPU
		{DFAD02BA-CD52-418D-8EBB-C6B99860D01D}.Release|Any CPU.ActiveCfg = Release|Any CPU
		{DFAD02BA-CD52-418D-8EBB-C6B99860D01D}.Release|Any CPU.Build.0 = Release|Any CPU
		{2825A021-1B64-4FC4-AA4F-63F0D837701F}.Debug|Any CPU.ActiveCfg = Debug|Any CPU
		{2825A021-1B64-4FC4-AA4F-63F0D837701F}.Debug|Any CPU.Build.0 = Debug|Any CPU
		{2825A021-1B64-4FC4-AA4F-63F0D837701F}.Release|Any CPU.ActiveCfg = Release|Any CPU
		{2825A021-1B64-4FC4-AA4F-63F0D837701F}.Release|Any CPU.Build.0 = Release|Any CPU
		{0B20A81E-8AD0-4966-8EC7-F528F6497CE1}.Debug|Any CPU.ActiveCfg = Debug|Any CPU
		{0B20A81E-8AD0-4966-8EC7-F528F6497CE1}.Debug|Any CPU.Build.0 = Debug|Any CPU
		{0B20A81E-8AD0-4966-8EC7-F528F6497CE1}.Release|Any CPU.ActiveCfg = Release|Any CPU
		{0B20A81E-8AD0-4966-8EC7-F528F6497CE1}.Release|Any CPU.Build.0 = Release|Any CPU
	EndGlobalSection
EndGlobal
