
Microsoft Visual Studio Solution File, Format Version 12.00
Project("{2150E333-8FDC-42A3-9474-1A3956D46DE8}") = "Src", "Src", "{409B991D-1A81-487F-B415-E7DC3C65CFE4}"
EndProject
Project("{2150E333-8FDC-42A3-9474-1A3956D46DE8}") = "Tests", "Tests", "{7F5107BD-9E79-440F-985A-B238185EFC3A}"
EndProject
Project("{FAE04EC0-301F-11D3-BF4B-00C04F79EFBC}") = "WebApi", "Src\WebApi\WebApi.csproj", "{BE0988E6-3409-48A2-B7AC-CCF280763E01}"
EndProject
Project("{FAE04EC0-301F-11D3-BF4B-00C04F79EFBC}") = "Shared", "Src\Shared\Shared.csproj", "{AEF333D5-B74E-4D54-8E76-41F579A37DD0}"
EndProject
Project("{2150E333-8FDC-42A3-9474-1A3956D46DE8}") = "User", "User", "{6895D672-C16C-4701-9C17-D4BA57142AA2}"
EndProject
Project("{2150E333-8FDC-42A3-9474-1A3956D46DE8}") = "Auth", "Auth", "{1FE01D29-26C2-4976-836D-B02311239819}"
EndProject
Project("{FAE04EC0-301F-11D3-BF4B-00C04F79EFBC}") = "User.Auth.API", "Src\User\Auth\User.Auth.API\User.Auth.API.csproj", "{0678800F-17A6-4766-9114-076CDB438E3B}"
EndProject
Project("{FAE04EC0-301F-11D3-BF4B-00C04F79EFBC}") = "User.Auth.Application", "Src\User\Auth\User.Auth.Application\User.Auth.Application.csproj", "{DFAD02BA-CD52-418D-8EBB-C6B99860D01D}"
EndProject
Project("{FAE04EC0-301F-11D3-BF4B-00C04F79EFBC}") = "User.Auth.Domain", "Src\User\Auth\User.Auth.Domain\User.Auth.Domain.csproj", "{2825A021-1B64-4FC4-AA4F-63F0D837701F}"
EndProject
Project("{FAE04EC0-301F-11D3-BF4B-00C04F79EFBC}") = "User.Auth.Infrastructure", "Src\User\Auth\User.Auth.Infrastructure\User.Auth.Infrastructure.csproj", "{0B20A81E-8AD0-4966-8EC7-F528F6497CE1}"
EndProject
Project("{2150E333-8FDC-42A3-9474-1A3956D46DE8}") = "User", "User", "{067DD72A-C780-4A53-941C-889EB7DB8151}"
EndProject
Project("{2150E333-8FDC-42A3-9474-1A3956D46DE8}") = "Auth", "Auth", "{7924F997-DB2A-4BFC-A14B-B245276A7704}"
EndProject
Project("{FAE04EC0-301F-11D3-BF4B-00C04F79EFBC}") = "User.Auth.API.Tests", "Tests\User\Auth\User.Auth.API.Tests\User.Auth.API.Tests.csproj", "{969593DB-2C07-48CB-85DA-2AD80C04D91F}"
EndProject
Project("{FAE04EC0-301F-11D3-BF4B-00C04F79EFBC}") = "User.Auth.Application.Tests", "Tests\User\Auth\User.Auth.Application.Tests\User.Auth.Application.Tests.csproj", "{7BDF9EA8-500D-4ECE-B899-05B9CCB32591}"
EndProject
Project("{FAE04EC0-301F-11D3-BF4B-00C04F79EFBC}") = "User.Auth.Domain.Tests", "Tests\User\Auth\User.Auth.Domain.Tests\User.Auth.Domain.Tests.csproj", "{B80C2098-727D-4E1E-95F3-C85BFE08BCAD}"
EndProject
Project("{FAE04EC0-301F-11D3-BF4B-00C04F79EFBC}") = "User.Auth.Infrastructure.Tests", "Tests\User\Auth\User.Auth.Infrastructure.Tests\User.Auth.Infrastructure.Tests.csproj", "{B54A1CC1-6DE7-4369-AFA6-CFE4A754767C}"
EndProject
Global
	GlobalSection(SolutionConfigurationPlatforms) = preSolution
		Debug|Any CPU = Debug|Any CPU
		Release|Any CPU = Release|Any CPU
	EndGlobalSection
	GlobalSection(NestedProjects) = preSolution
		{BE0988E6-3409-48A2-B7AC-CCF280763E01} = {409B991D-1A81-487F-B415-E7DC3C65CFE4}
		{AEF333D5-B74E-4D54-8E76-41F579A37DD0} = {409B991D-1A81-487F-B415-E7DC3C65CFE4}
		{6895D672-C16C-4701-9C17-D4BA57142AA2} = {409B991D-1A81-487F-B415-E7DC3C65CFE4}
		{1FE01D29-26C2-4976-836D-B02311239819} = {6895D672-C16C-4701-9C17-D4BA57142AA2}
		{0678800F-17A6-4766-9114-076CDB438E3B} = {1FE01D29-26C2-4976-836D-B02311239819}
		{DFAD02BA-CD52-418D-8EBB-C6B99860D01D} = {1FE01D29-26C2-4976-836D-B02311239819}
		{2825A021-1B64-4FC4-AA4F-63F0D837701F} = {1FE01D29-26C2-4976-836D-B02311239819}
		{0B20A81E-8AD0-4966-8EC7-F528F6497CE1} = {1FE01D29-26C2-4976-836D-B02311239819}
		{067DD72A-C780-4A53-941C-889EB7DB8151} = {7F5107BD-9E79-440F-985A-B238185EFC3A}
		{7924F997-DB2A-4BFC-A14B-B245276A7704} = {067DD72A-C780-4A53-941C-889EB7DB8151}
		{969593DB-2C07-48CB-85DA-2AD80C04D91F} = {7924F997-DB2A-4BFC-A14B-B245276A7704}
		{7BDF9EA8-500D-4ECE-B899-05B9CCB32591} = {7924F997-DB2A-4BFC-A14B-B245276A7704}
		{B80C2098-727D-4E1E-95F3-C85BFE08BCAD} = {7924F997-DB2A-4BFC-A14B-B245276A7704}
		{B54A1CC1-6DE7-4369-AFA6-CFE4A754767C} = {7924F997-DB2A-4BFC-A14B-B245276A7704}
	EndGlobalSection
	GlobalSection(ProjectConfigurationPlatforms) = postSolution
		{BE0988E6-3409-48A2-B7AC-CCF280763E01}.Debug|Any CPU.ActiveCfg = Debug|Any CPU
		{BE0988E6-3409-48A2-B7AC-CCF280763E01}.Debug|Any CPU.Build.0 = Debug|Any CPU
		{BE0988E6-3409-48A2-B7AC-CCF280763E01}.Release|Any CPU.ActiveCfg = Release|Any CPU
		{BE0988E6-3409-48A2-B7AC-CCF280763E01}.Release|Any CPU.Build.0 = Release|Any CPU
		{AEF333D5-B74E-4D54-8E76-41F579A37DD0}.Debug|Any CPU.ActiveCfg = Debug|Any CPU
		{AEF333D5-B74E-4D54-8E76-41F579A37DD0}.Debug|Any CPU.Build.0 = Debug|Any CPU
		{AEF333D5-B74E-4D54-8E76-41F579A37DD0}.Release|Any CPU.ActiveCfg = Release|Any CPU
		{AEF333D5-B74E-4D54-8E76-41F579A37DD0}.Release|Any CPU.Build.0 = Release|Any CPU
		{0678800F-17A6-4766-9114-076CDB438E3B}.Debug|Any CPU.ActiveCfg = Debug|Any CPU
		{0678800F-17A6-4766-9114-076CDB438E3B}.Debug|Any CPU.Build.0 = Debug|Any CPU
		{0678800F-17A6-4766-9114-076CDB438E3B}.Release|Any CPU.ActiveCfg = Release|Any CPU
		{0678800F-17A6-4766-9114-076CDB438E3B}.Release|Any CPU.Build.0 = Release|Any CPU
		{DFAD02BA-CD52-418D-8EBB-C6B99860D01D}.Debug|Any CPU.ActiveCfg = Debug|Any CPU
		{DFAD02BA-CD52-418D-8EBB-C6B99860D01D}.Debug|Any CPU.Build.0 = Debug|Any CPU
		{DFAD02BA-CD52-418D-8EBB-C6B99860D01D}.Release|Any CPU.ActiveCfg = Release|Any CPU
		{DFAD02BA-CD52-418D-8EBB-C6B99860D01D}.Release|Any CPU.Build.0 = Release|Any CPU
		{2825A021-1B64-4FC4-AA4F-63F0D837701F}.Debug|Any CPU.ActiveCfg = Debug|Any CPU
		{2825A021-1B64-4FC4-AA4F-63F0D837701F}.Debug|Any CPU.Build.0 = Debug|Any CPU
		{2825A021-1B64-4FC4-AA4F-63F0D837701F}.Release|Any CPU.ActiveCfg = Release|Any CPU
		{2825A021-1B64-4FC4-AA4F-63F0D837701F}.Release|Any CPU.Build.0 = Release|Any CPU
		{0B20A81E-8AD0-4966-8EC7-F528F6497CE1}.Debug|Any CPU.ActiveCfg = Debug|Any CPU
		{0B20A81E-8AD0-4966-8EC7-F528F6497CE1}.Debug|Any CPU.Build.0 = Debug|Any CPU
		{0B20A81E-8AD0-4966-8EC7-F528F6497CE1}.Release|Any CPU.ActiveCfg = Release|Any CPU
		{0B20A81E-8AD0-4966-8EC7-F528F6497CE1}.Release|Any CPU.Build.0 = Release|Any CPU
		{969593DB-2C07-48CB-85DA-2AD80C04D91F}.Debug|Any CPU.ActiveCfg = Debug|Any CPU
		{969593DB-2C07-48CB-85DA-2AD80C04D91F}.Debug|Any CPU.Build.0 = Debug|Any CPU
		{969593DB-2C07-48CB-85DA-2AD80C04D91F}.Release|Any CPU.ActiveCfg = Release|Any CPU
		{969593DB-2C07-48CB-85DA-2AD80C04D91F}.Release|Any CPU.Build.0 = Release|Any CPU
		{7BDF9EA8-500D-4ECE-B899-05B9CCB32591}.Debug|Any CPU.ActiveCfg = Debug|Any CPU
		{7BDF9EA8-500D-4ECE-B899-05B9CCB32591}.Debug|Any CPU.Build.0 = Debug|Any CPU
		{7BDF9EA8-500D-4ECE-B899-05B9CCB32591}.Release|Any CPU.ActiveCfg = Release|Any CPU
		{7BDF9EA8-500D-4ECE-B899-05B9CCB32591}.Release|Any CPU.Build.0 = Release|Any CPU
		{B80C2098-727D-4E1E-95F3-C85BFE08BCAD}.Debug|Any CPU.ActiveCfg = Debug|Any CPU
		{B80C2098-727D-4E1E-95F3-C85BFE08BCAD}.Debug|Any CPU.Build.0 = Debug|Any CPU
		{B80C2098-727D-4E1E-95F3-C85BFE08BCAD}.Release|Any CPU.ActiveCfg = Release|Any CPU
		{B80C2098-727D-4E1E-95F3-C85BFE08BCAD}.Release|Any CPU.Build.0 = Release|Any CPU
		{B54A1CC1-6DE7-4369-AFA6-CFE4A754767C}.Debug|Any CPU.ActiveCfg = Debug|Any CPU
		{B54A1CC1-6DE7-4369-AFA6-CFE4A754767C}.Debug|Any CPU.Build.0 = Debug|Any CPU
		{B54A1CC1-6DE7-4369-AFA6-CFE4A754767C}.Release|Any CPU.ActiveCfg = Release|Any CPU
		{B54A1CC1-6DE7-4369-AFA6-CFE4A754767C}.Release|Any CPU.Build.0 = Release|Any CPU
	EndGlobalSection
EndGlobal
